{
  "nodes": {
    "nixpkgs": {
      "locked": {
        "lastModified": 1690640159,
        "narHash": "sha256-5DZUYnkeMOsVb/eqPYb9zns5YsnQXRJRC8Xx/nPMcno=",
        "path": "/nix/store/9xpvg56sk83p217x1ws6a42ga07mip2d-source",
        "rev": "e6ab46982debeab9831236869539a507f670a129",
        "type": "path"
      },
      "original": {
        "id": "nixpkgs",
        "type": "indirect"
      }
    },
    "root": {
      "inputs": {
        "nixpkgs": "nixpkgs"
      }
    }
  },
  "root": "root",
  "version": 7
}
